
Microsoft Visual Studio Solution File, Format Version 12.00
# Visual Studio Version 17
VisualStudioVersion = 17.3.32922.545
MinimumVisualStudioVersion = 10.0.40219.1
Project("{9A19103F-16F7-4668-BE54-9A1E7A4F7556}") = "FitnessAndSPABooking", "FitnessAndSPABooking\FitnessAndSPABooking.csproj", "{25667AFC-7175-4A23-A7EB-B607B3BA8FDC}"
EndProject
Project("{FAE04EC0-301F-11D3-BF4B-00C04F79EFBC}") = "FitnessAndSPABooking.Infrastructure", "FitnessAndSPABooking.Infrastructure\FitnessAndSPABooking.Infrastructure.csproj", "{29082325-743E-444F-A920-AAF9A5CEECD7}"
EndProject
Project("{FAE04EC0-301F-11D3-BF4B-00C04F79EFBC}") = "FitnessAndSPABooking.Core", "FitnessAndSPABooking.Core\FitnessAndSPABooking.Core.csproj", "{2A59D9F2-4547-44A4-A1E2-8613C95DB2C5}"
EndProject
Global
	GlobalSection(SolutionConfigurationPlatforms) = preSolution
		Debug|Any CPU = Debug|Any CPU
		Release|Any CPU = Release|Any CPU
	EndGlobalSection
	GlobalSection(ProjectConfigurationPlatforms) = postSolution
		{25667AFC-7175-4A23-A7EB-B607B3BA8FDC}.Debug|Any CPU.ActiveCfg = Debug|Any CPU
		{25667AFC-7175-4A23-A7EB-B607B3BA8FDC}.Debug|Any CPU.Build.0 = Debug|Any CPU
		{25667AFC-7175-4A23-A7EB-B607B3BA8FDC}.Release|Any CPU.ActiveCfg = Release|Any CPU
		{25667AFC-7175-4A23-A7EB-B607B3BA8FDC}.Release|Any CPU.Build.0 = Release|Any CPU
		{29082325-743E-444F-A920-AAF9A5CEECD7}.Debug|Any CPU.ActiveCfg = Debug|Any CPU
		{29082325-743E-444F-A920-AAF9A5CEECD7}.Debug|Any CPU.Build.0 = Debug|Any CPU
		{29082325-743E-444F-A920-AAF9A5CEECD7}.Release|Any CPU.ActiveCfg = Release|Any CPU
		{29082325-743E-444F-A920-AAF9A5CEECD7}.Release|Any CPU.Build.0 = Release|Any CPU
		{2A59D9F2-4547-44A4-A1E2-8613C95DB2C5}.Debug|Any CPU.ActiveCfg = Debug|Any CPU
		{2A59D9F2-4547-44A4-A1E2-8613C95DB2C5}.Debug|Any CPU.Build.0 = Debug|Any CPU
		{2A59D9F2-4547-44A4-A1E2-8613C95DB2C5}.Release|Any CPU.ActiveCfg = Release|Any CPU
		{2A59D9F2-4547-44A4-A1E2-8613C95DB2C5}.Release|Any CPU.Build.0 = Release|Any CPU
	EndGlobalSection
	GlobalSection(SolutionProperties) = preSolution
		HideSolutionNode = FALSE
	EndGlobalSection
	GlobalSection(ExtensibilityGlobals) = postSolution
		SolutionGuid = {0B1E6495-F0D0-43A7-8ED5-B96BCBE45E27}
	EndGlobalSection
EndGlobal
